{
  "name": "luxe-kurento-signal",
  "version": "1.0.0",
  "lockfileVersion": 3,
  "requires": true,
  "packages": {
    "": {
      "name": "luxe-kurento-signal",
      "version": "1.0.0",
      "dependencies": {
        "kurento-client": "7.3.0",
        "ws": "^8.18.0"
      }
    },
    "node_modules/asap": {
      "version": "2.0.6",
      "resolved": "https://registry.npmjs.org/asap/-/asap-2.0.6.tgz",
      "integrity": "sha512-BSHWgDSAiKs50o2Re8ppvp3seVHXSRM44cdSsT9FfNEUUZLOGWVCsiWaRPWM1Znn+mqZ1OfVZ3z3DWEzSp7hRA=="
    },
    "node_modules/async": {
      "version": "2.6.4",
      "resolved": "https://registry.npmjs.org/async/-/async-2.6.4.tgz",
      "integrity": "sha512-mzo5dfJYwAn29PeiJ0zvwTo04zj8HDJj0Mn8TD7sno7q12prdbnasKJHhkm2c1LgrhlJ0teaea8860oxi51mGA==",
      "dependencies": {
        "lodash": "^4.17.14"
      }
    },
    "node_modules/backoff": {
      "version": "2.3.0",
      "resolved": "https://registry.npmjs.org/backoff/-/backoff-2.3.0.tgz",
      "integrity": "sha512-ljr33cUQ/vyXE/60QuRO+WKGW4PzQ5OTWNXPWQwOTx5gh43q0pZocaVyXoU2gvFtasMIdIohdm9s01qoT6IJBQ==",
      "engines": {
        "node": ">= 0.6"
      }
    },
    "node_modules/bufferutil": {
      "version": "4.1.0",
      "resolved": "https://registry.npmjs.org/bufferutil/-/bufferutil-4.1.0.tgz",
      "integrity": "sha512-ZMANVnAixE6AWWnPzlW2KpUrxhm9woycYvPOo67jWHyFowASTEd9s+QN1EIMsSDtwhIxN4sWE1jotpuDUIgyIw==",
      "hasInstallScript": true,
      "dependencies": {
        "node-gyp-build": "^4.3.0"
      },
      "engines": {
        "node": ">=6.14.2"
      }
    },
    "node_modules/commander": {
      "version": "2.1.0",
      "resolved": "https://registry.npmjs.org/commander/-/commander-2.1.0.tgz",
      "integrity": "sha512-J2wnb6TKniXNOtoHS8TSrG9IOQluPrsmyAJ8oCUJOBmv+uLBCyPYAZkD2jFvw2DCzIXNnISIM01NIvr35TkBMQ==",
      "engines": {
        "node": ">= 0.6.x"
      }
    },
    "node_modules/es6-promise": {
      "version": "4.2.8",
      "resolved": "https://registry.npmjs.org/es6-promise/-/es6-promise-4.2.8.tgz",
      "integrity": "sha512-HJDGx5daxeIvxdBxvG2cb9g4tEvwIk3i8+nhX0yGrYmZUzbkdg8QbDevheDB8gd0//uPj4c1EQua8Q+MViT0/w=="
    },
    "node_modules/extend": {
      "version": "3.0.2",
      "resolved": "https://registry.npmjs.org/extend/-/extend-3.0.2.tgz",
      "integrity": "sha512-fjquC59cD7CyW6urNXK0FBufkZcoiGG80wTuPujX590cB5Ttln20E2UB4S/WARVqhXffZl2LNgS+gQdPIIim/g=="
    },
    "node_modules/inherits": {
      "version": "2.0.4",
      "resolved": "https://registry.npmjs.org/inherits/-/inherits-2.0.4.tgz",
      "integrity": "sha512-k/vGaX4/Yla3WzyMCvTQOXYeIHvqOKtnqBduzTHpzpQZzAskKMhZ2K+EnBiSM9zGSoIFeMpXKxa4dYeZIQqewQ=="
    },
    "node_modules/isbuffer": {
      "version": "0.0.0",
      "resolved": "https://registry.npmjs.org/isbuffer/-/isbuffer-0.0.0.tgz",
      "integrity": "sha512-xU+NoHp+YtKQkaM2HsQchYn0sltxMxew0HavMfHbjnucBoTSGbw745tL+Z7QBANleWM1eEQMenEpi174mIeS4g=="
    },
    "node_modules/kurento-client": {
      "version": "7.3.0",
      "resolved": "https://registry.npmjs.org/kurento-client/-/kurento-client-7.3.0.tgz",
      "integrity": "sha512-votUrsVvaWC1joJWJOOV/TK2+124PQCfjesIWshYASWyTHWYXxhh3KW1KQP9CyIXfX7iZYamJS+kLGZhVB5bGA==",
      "hasInstallScript": true,
      "dependencies": {
        "async": "^2.0.1",
        "es6-promise": "^4.0.5",
        "extend": "^3.0.0",
        "inherits": "^2.0.0",
        "kurento-client-core": "7.3.0",
        "kurento-client-elements": "7.3.0",
        "kurento-client-filters": "7.3.0",
        "kurento-jsonrpc": "7.3.0",
        "minimist": "^1.2.0",
        "promise": "7.1.1",
        "promisecallback": "0.0.4",
        "reconnect-ws": "github:KurentoForks/reconnect-ws#master"
      }
    },
    "node_modules/kurento-client-core": {
      "version": "7.3.0",
      "resolved": "https://registry.npmjs.org/kurento-client-core/-/kurento-client-core-7.3.0.tgz",
      "integrity": "sha512-vZkt/8KIY0+bS257mk13U8Ng0Z+gy93sGg5Puxk4Ry5UToDxkdkigEEa3h4Ul4OlDZoYC2oIEKnDLz13l0F62w=="
    },
    "node_modules/kurento-client-elements": {
      "version": "7.3.0",
      "resolved": "https://registry.npmjs.org/kurento-client-elements/-/kurento-client-elements-7.3.0.tgz",
      "integrity": "sha512-5z+jqOgpo79ZkLSqrn4RcMJW8xb9czkTslyhDzj6JCp3v6kvYqc4g2eTk7F81BhAoMAw14QNyEbQI6iUhSYO1w=="
    },
    "node_modules/kurento-client-filters": {
      "version": "7.3.0",
      "resolved": "https://registry.npmjs.org/kurento-client-filters/-/kurento-client-filters-7.3.0.tgz",
      "integrity": "sha512-b22tQQ/mxoZP4bJBJnWVZDZ9ePhpE+3JlD2t3bYTmrO1nDojSk+piJvOeh/82t9JJxTg1oW1HlTpSwgAH13FBA=="
    },
    "node_modules/kurento-jsonrpc": {
      "version": "7.3.0",
      "resolved": "https://registry.npmjs.org/kurento-jsonrpc/-/kurento-jsonrpc-7.3.0.tgz",
      "integrity": "sha512-lkqWqAYCDDZAB681tsn06Ri7UNGxgzk/OYq2zoPi1k//UipGtV2lejfg4FQA/vfhWURf6kVELteJ9WtRd2CKyA==",
      "dependencies": {
        "bufferutil": "^4.0.1",
        "inherits": "^2.0.1",
        "ws": "^7.1.0"
      }
    },
    "node_modules/kurento-jsonrpc/node_modules/ws": {
      "version": "7.5.12",
      "resolved": "https://registry.npmjs.org/ws/-/ws-7.5.12.tgz",
      "integrity": "sha512-1xGnbYN3zbog9CwuNDQULNRrTCLIn46/WmpR1f0w6PsCYQHkylZr5vkd6kfMZYV6pRnQkcPNRyiA8LsrNKyhpg==",
      "engines": {
        "node": ">=8.3.0"
      },
      "peerDependencies": {
        "bufferutil": "^4.0.1",
        "utf-8-validate": "^5.0.2"
      },
      "peerDependenciesMeta": {
        "bufferutil": {
          "optional": true
        },
        "utf-8-validate": {
          "optional": true
        }
      }
    },
    "node_modules/lodash": {
      "version": "4.18.1",
      "resolved": "https://registry.npmjs.org/lodash/-/lodash-4.18.1.tgz",
      "integrity": "sha512-dMInicTPVE8d1e5otfwmmjlxkZoUpiVLwyeTdUsi/Caj/gfzzblBcCE5sRHV/AsjuCmxWrte2TNGSYuCeCq+0Q=="
    },
    "node_modules/minimist": {
      "version": "1.2.8",
      "resolved": "https://registry.npmjs.org/minimist/-/minimist-1.2.8.tgz",
      "integrity": "sha512-2yyAR8qBkN3YuheJanUpWC5U3bb5osDywNB8RzDVlDwDHbocAJveqqj1u8+SVD7jkWT4yvsHCpWqqWqAxb0zCA==",
      "funding": {
        "url": "https://github.com/sponsors/ljharb"
      }
    },
    "node_modules/nan": {
      "version": "1.0.0",
      "resolved": "https://registry.npmjs.org/nan/-/nan-1.0.0.tgz",
      "integrity": "sha512-Wm2/nFOm2y9HtJfgOLnctGbfvF23FcQZeyUZqDD8JQG3zO5kXh3MkQKiUaA68mJiVWrOzLFkAV1u6bC8P52DJA=="
    },
    "node_modules/node-gyp-build": {
      "version": "4.8.4",
      "resolved": "https://registry.npmjs.org/node-gyp-build/-/node-gyp-build-4.8.4.tgz",
      "integrity": "sha512-LA4ZjwlnUblHVgq0oBF3Jl/6h/Nvs5fzBLwdEF4nuxnFdsfajde4WfxtJr3CaiH+F6ewcIB/q4jQ4UzPyid+CQ==",
      "bin": {
        "node-gyp-build": "bin.js",
        "node-gyp-build-optional": "optional.js",
        "node-gyp-build-test": "build-test.js"
      }
    },
    "node_modules/options": {
      "version": "0.0.6",
      "resolved": "https://registry.npmjs.org/options/-/options-0.0.6.tgz",
      "integrity": "sha512-bOj3L1ypm++N+n7CEbbe473A414AB7z+amKYshRb//iuL3MpdDCLhPnw6aVTdKB9g5ZRVHIEp8eUln6L2NUStg==",
      "engines": {
        "node": ">=0.4.0"
      }
    },
    "node_modules/promise": {
      "version": "7.1.1",
      "resolved": "https://registry.npmjs.org/promise/-/promise-7.1.1.tgz",
      "integrity": "sha512-mxw1Fcl1jxLdpzS7MTIxrdiWk3CeMvZvVSGWE4P9eml3diZPBZTNV4oQsdYY3fY6j9udbmC1mSP6lqlzg6voBA==",
      "dependencies": {
        "asap": "~2.0.3"
      }
    },
    "node_modules/promisecallback": {
      "version": "0.0.4",
      "resolved": "https://registry.npmjs.org/promisecallback/-/promisecallback-0.0.4.tgz",
      "integrity": "sha512-AROBTO8q8oDxsWMjouDnOwiDz/p11F/VPtSNMhx0FTLS2/OpTV9tER9BrDaWelREUOAqc6Qla1YJ4GoyXYhCaA=="
    },
    "node_modules/reconnect-core": {
      "version": "1.0.0",
      "resolved": "git+ssh://git@github.com/KurentoForks/reconnect-core.git#921d43e91578abb2fb2613f585c010c1939cf734",
      "license": "MIT",
      "dependencies": {
        "backoff": "~2.3.0"
      }
    },
    "node_modules/reconnect-ws": {
      "version": "0.0.0",
      "resolved": "git+ssh://git@github.com/KurentoForks/reconnect-ws.git#f287385d75861654528c352e60221f95c9209f8a",
      "license": "MIT",
      "dependencies": {
        "reconnect-core": "KurentoForks/reconnect-core",
        "websocket-stream": "~0.5.1"
      }
    },
    "node_modules/through": {
      "version": "2.3.8",
      "resolved": "https://registry.npmjs.org/through/-/through-2.3.8.tgz",
      "integrity": "sha512-w89qg7PI8wAdvX60bMDP+bFoD5Dvhm9oLheFp5O4a2QF0cSBGsBX4qZmadPMvVqlLJBBci+WqGGOAPvcDeNSVg=="
    },
    "node_modules/tinycolor": {
      "version": "0.0.1",
      "resolved": "https://registry.npmjs.org/tinycolor/-/tinycolor-0.0.1.tgz",
      "integrity": "sha512-+CorETse1kl98xg0WAzii8DTT4ABF4R3nquhrkIbVGcw1T8JYs5Gfx9xEfGINPUZGDj9C4BmOtuKeaTtuuRolg==",
      "engines": {
        "node": ">=0.4.0"
      }
    },
    "node_modules/websocket-stream": {
      "version": "0.5.1",
      "resolved": "https://registry.npmjs.org/websocket-stream/-/websocket-stream-0.5.1.tgz",
      "integrity": "sha512-8noZCS4xBbsb24dM20jxEHhorFDQb6MY96vqIb/iFWt05voa8liGxyB0843H9AuCpgTdVETIAGUr47WV2SorOw==",
      "dependencies": {
        "isbuffer": "0.0.0",
        "through": "~2.3.4",
        "ws": "~0.4.30"
      },
      "engines": {
        "node": ">=0.8"
      }
    },
    "node_modules/websocket-stream/node_modules/ws": {
      "version": "0.4.32",
      "resolved": "https://registry.npmjs.org/ws/-/ws-0.4.32.tgz",
      "integrity": "sha512-htqsS0U9Z9lb3ITjidQkRvkLdVhQePrMeu475yEfOWkAYvJ6dSjQp1tOH6ugaddzX5b7sQjMPNtY71eTzrV/kA==",
      "hasInstallScript": true,
      "dependencies": {
        "commander": "~2.1.0",
        "nan": "~1.0.0",
        "options": ">=0.0.5",
        "tinycolor": "0.x"
      },
      "bin": {
        "wscat": "bin/wscat"
      },
      "engines": {
        "node": ">=0.4.0"
      }
    },
    "node_modules/ws": {
      "version": "8.21.1",
      "resolved": "https://registry.npmjs.org/ws/-/ws-8.21.1.tgz",
      "integrity": "sha512-+0NTnW77fFN/DjQi6k/Sq/Yvk4Sgajw7urW8V+asjXnRgDs9gyGkdb7EzgfhA4goXsRIZKE28fzIXBHEzhuiWw==",
      "engines": {
        "node": ">=10.0.0"
      },
      "peerDependencies": {
        "bufferutil": "^4.0.1",
        "utf-8-validate": ">=5.0.2"
      },
      "peerDependenciesMeta": {
        "bufferutil": {
          "optional": true
        },
        "utf-8-validate": {
          "optional": true
        }
      }
    }
  }
}
